
Microsoft Visual Studio Solution File, Format Version 12.00
# Visual Studio 15
Project("{FAE04EC0-301F-11D3-BF4B-00C04F79EFBC}") = "dotnet", "dotnet.csproj", "{E77B5EEB-5826-4C3A-BABC-337ACB3E2C47}"
EndProject
Global
	GlobalSection(SolutionConfigurationPlatforms) = preSolution
		Debug|Any CPU = Debug|Any CPU
		Release|Any CPU = Release|Any CPU
	EndGlobalSection
	GlobalSection(ProjectConfigurationPlatforms) = postSolution
		{E77B5EEB-5826-4C3A-BABC-337ACB3E2C47}.Debug|Any CPU.ActiveCfg = Debug|Any CPU
		{E77B5EEB-5826-4C3A-BABC-337ACB3E2C47}.Debug|Any CPU.Build.0 = Debug|Any CPU
		{E77B5EEB-5826-4C3A-BABC-337ACB3E2C47}.Release|Any CPU.ActiveCfg = Release|Any CPU
		{E77B5EEB-5826-4C3A-BABC-337ACB3E2C47}.Release|Any CPU.Build.0 = Release|Any CPU
	EndGlobalSection
EndGlobal
