lockfileVersion: 5.4

specifiers:
  '@prisma/client': ^4.4.0
  '@types/node': ^17.0.23
  prisma: ^4.4.0

dependencies:
  '@prisma/client': 4.4.0_prisma@4.4.0
  prisma: 4.4.0

devDependencies:
  '@types/node': 17.0.45

packages:

  /@prisma/client/4.4.0_prisma@4.4.0:
    resolution: {integrity: sha512-ciKOP246x1xwr04G9ajHlJ4pkmtu9Q6esVyqVBO0QJihaKQIUvbPjClp17IsRJyxqNpFm4ScbOc/s9DUzKHINQ==}
    engines: {node: '>=14.17'}
    requiresBuild: true
    peerDependencies:
      prisma: '*'
    peerDependenciesMeta:
      prisma:
        optional: true
    dependencies:
      '@prisma/engines-version': 4.4.0-66.f352a33b70356f46311da8b00d83386dd9f145d6
      prisma: 4.4.0
    dev: false

  /@prisma/engines-version/4.4.0-66.f352a33b70356f46311da8b00d83386dd9f145d6:
    resolution: {integrity: sha512-P5v/PuEIJLYXZUZBvOLPqoyCW+m6StNqHdiR6te++gYVODpPdLakks5HVx3JaZIY+LwR02juJWFlwpc9Eog/ug==}
    dev: false

  /@prisma/engines/4.4.0:
    resolution: {integrity: sha512-Fpykccxlt9MHrAs/QpPGpI2nOiRxuLA+LiApgA59ibbf24YICZIMWd3SI2YD+q0IAIso0jCGiHhirAIbxK3RyQ==}
    requiresBuild: true
    dev: false

  /@types/node/17.0.45:
    resolution: {integrity: sha512-w+tIMs3rq2afQdsPJlODhoUEKzFP1ayaoyl1CcnwtIlsVe7K7bA1NGm4s3PraqTLlXnbIN84zuBlxBWo1u9BLw==}
    dev: true

  /prisma/4.4.0:
    resolution: {integrity: sha512-l/QKLmLcKJQFuc+X02LyICo0NWTUVaNNZ00jKJBqwDyhwMAhboD1FWwYV50rkH4Wls0RviAJSFzkC2ZrfawpfA==}
    engines: {node: '>=14.17'}
    hasBin: true
    requiresBuild: true
    dependencies:
      '@prisma/engines': 4.4.0
    dev: false
