
Microsoft Visual Studio Solution File, Format Version 12.00
Project("{FAE04EC0-301F-11D3-BF4B-00C04F79EFBC}") = "MySqlConnectorTest", "MySqlConnectorTest.csproj", "{BF429C29-2191-455B-97E6-271B76B2D1A1}"
EndProject
Global
	GlobalSection(SolutionConfigurationPlatforms) = preSolution
		Debug|Any CPU = Debug|Any CPU
		Release|Any CPU = Release|Any CPU
	EndGlobalSection
	GlobalSection(ProjectConfigurationPlatforms) = postSolution
        {BF429C29-2191-455B-97E6-271B76B2D1A1}.Debug|Any CPU.ActiveCfg = Debug|Any CPU
        {BF429C29-2191-455B-97E6-271B76B2D1A1}.Debug|Any CPU.Build.0 = Debug|Any CPU
        {BF429C29-2191-455B-97E6-271B76B2D1A1}.Release|Any CPU.ActiveCfg = Release|Any CPU
        {BF429C29-2191-455B-97E6-271B76B2D1A1}.Release|Any CPU.Build.0 = Release|Any CPU
    EndGlobalSection
EndGlobal
