{
  "name": "ses-email-action",
  "version": "0.1.0",
  "lockfileVersion": 3,
  "requires": true,
  "packages": {
    "": {
      "name": "ses-email-action",
      "version": "0.1.0",
      "license": "ISC",
      "dependencies": {
        "@actions/core": "^1.9.1",
        "@aws-sdk/client-ses": "^3.441.0"
      }
    },
    "node_modules/@actions/core": {
      "version": "1.10.1",
      "resolved": "https://registry.npmjs.org/@actions/core/-/core-1.10.1.tgz",
      "integrity": "sha512-3lBR9EDAY+iYIpTnTIXmWcNbX3T2kCkAEQGIQx4NVQ0575nk2k3GRZDTPQG+vVtS2izSLmINlxXf0uLtnrTP+g==",
      "dependencies": {
        "@actions/http-client": "^2.0.1",
        "uuid": "^8.3.2"
      }
    },
    "node_modules/@actions/http-client": {
      "version": "2.2.1",
      "resolved": "https://registry.npmjs.org/@actions/http-client/-/http-client-2.2.1.tgz",
      "integrity": "sha512-KhC/cZsq7f8I4LfZSJKgCvEwfkE8o1538VoBeoGzokVLLnbFDEAdFD3UhoMklxo2un9NJVBdANOresx7vTHlHw==",
      "dependencies": {
        "tunnel": "^0.0.6",
        "undici": "^5.25.4"
      }
    },
    "node_modules/@aws-crypto/ie11-detection": {
      "version": "3.0.0",
      "resolved": "https://registry.npmjs.org/@aws-crypto/ie11-detection/-/ie11-detection-3.0.0.tgz",
      "integrity": "sha512-341lBBkiY1DfDNKai/wXM3aujNBkXR7tq1URPQDL9wi3AUbI80NR74uF1TXHMm7po1AcnFk8iu2S2IeU/+/A+Q==",
      "dependencies": {
        "tslib": "^1.11.1"
      }
    },
    "node_modules/@aws-crypto/ie11-detection/node_modules/tslib": {
      "version": "1.14.1",
      "resolved": "https://registry.npmjs.org/tslib/-/tslib-1.14.1.tgz",
      "integrity": "sha512-Xni35NKzjgMrwevysHTCArtLDpPvye8zV/0E4EyYn43P7/7qvQwPh9BGkHewbMulVntbigmcT7rdX3BNo9wRJg=="
    },
    "node_modules/@aws-crypto/sha256-browser": {
      "version": "3.0.0",
      "resolved": "https://registry.npmjs.org/@aws-crypto/sha256-browser/-/sha256-browser-3.0.0.tgz",
      "integrity": "sha512-8VLmW2B+gjFbU5uMeqtQM6Nj0/F1bro80xQXCW6CQBWgosFWXTx77aeOF5CAIAmbOK64SdMBJdNr6J41yP5mvQ==",
      "dependencies": {
        "@aws-crypto/ie11-detection": "^3.0.0",
        "@aws-crypto/sha256-js": "^3.0.0",
        "@aws-crypto/supports-web-crypto": "^3.0.0",
        "@aws-crypto/util": "^3.0.0",
        "@aws-sdk/types": "^3.222.0",
        "@aws-sdk/util-locate-window": "^3.0.0",
        "@aws-sdk/util-utf8-browser": "^3.0.0",
        "tslib": "^1.11.1"
      }
    },
    "node_modules/@aws-crypto/sha256-browser/node_modules/tslib": {
      "version": "1.14.1",
      "resolved": "https://registry.npmjs.org/tslib/-/tslib-1.14.1.tgz",
      "integrity": "sha512-Xni35NKzjgMrwevysHTCArtLDpPvye8zV/0E4EyYn43P7/7qvQwPh9BGkHewbMulVntbigmcT7rdX3BNo9wRJg=="
    },
    "node_modules/@aws-crypto/sha256-js": {
      "version": "3.0.0",
      "resolved": "https://registry.npmjs.org/@aws-crypto/sha256-js/-/sha256-js-3.0.0.tgz",
      "integrity": "sha512-PnNN7os0+yd1XvXAy23CFOmTbMaDxgxXtTKHybrJ39Y8kGzBATgBFibWJKH6BhytLI/Zyszs87xCOBNyBig6vQ==",
      "dependencies": {
        "@aws-crypto/util": "^3.0.0",
        "@aws-sdk/types": "^3.222.0",
        "tslib": "^1.11.1"
      }
    },
    "node_modules/@aws-crypto/sha256-js/node_modules/tslib": {
      "version": "1.14.1",
      "resolved": "https://registry.npmjs.org/tslib/-/tslib-1.14.1.tgz",
      "integrity": "sha512-Xni35NKzjgMrwevysHTCArtLDpPvye8zV/0E4EyYn43P7/7qvQwPh9BGkHewbMulVntbigmcT7rdX3BNo9wRJg=="
    },
    "node_modules/@aws-crypto/supports-web-crypto": {
      "version": "3.0.0",
      "resolved": "https://registry.npmjs.org/@aws-crypto/supports-web-crypto/-/supports-web-crypto-3.0.0.tgz",
      "integrity": "sha512-06hBdMwUAb2WFTuGG73LSC0wfPu93xWwo5vL2et9eymgmu3Id5vFAHBbajVWiGhPO37qcsdCap/FqXvJGJWPIg==",
      "dependencies": {
        "tslib": "^1.11.1"
      }
    },
    "node_modules/@aws-crypto/supports-web-crypto/node_modules/tslib": {
      "version": "1.14.1",
      "resolved": "https://registry.npmjs.org/tslib/-/tslib-1.14.1.tgz",
      "integrity": "sha512-Xni35NKzjgMrwevysHTCArtLDpPvye8zV/0E4EyYn43P7/7qvQwPh9BGkHewbMulVntbigmcT7rdX3BNo9wRJg=="
    },
    "node_modules/@aws-crypto/util": {
      "version": "3.0.0",
      "resolved": "https://registry.npmjs.org/@aws-crypto/util/-/util-3.0.0.tgz",
      "integrity": "sha512-2OJlpeJpCR48CC8r+uKVChzs9Iungj9wkZrl8Z041DWEWvyIHILYKCPNzJghKsivj+S3mLo6BVc7mBNzdxA46w==",
      "dependencies": {
        "@aws-sdk/types": "^3.222.0",
        "@aws-sdk/util-utf8-browser": "^3.0.0",
        "tslib": "^1.11.1"
      }
    },
    "node_modules/@aws-crypto/util/node_modules/tslib": {
      "version": "1.14.1",
      "resolved": "https://registry.npmjs.org/tslib/-/tslib-1.14.1.tgz",
      "integrity": "sha512-Xni35NKzjgMrwevysHTCArtLDpPvye8zV/0E4EyYn43P7/7qvQwPh9BGkHewbMulVntbigmcT7rdX3BNo9wRJg=="
    },
    "node_modules/@aws-sdk/client-ses": {
      "version": "3.554.0",
      "resolved": "https://registry.npmjs.org/@aws-sdk/client-ses/-/client-ses-3.554.0.tgz",
      "integrity": "sha512-fOUfnvqnMjjYfsNb62ue1YIxMhBSZIqDMeLhOF2H3El3BMeF24BOTloB76pHgu9bLJ0SWmbOBDDnBS0hiqT63w==",
      "dependencies": {
        "@aws-crypto/sha256-browser": "3.0.0",
        "@aws-crypto/sha256-js": "3.0.0",
        "@aws-sdk/client-sts": "3.554.0",
        "@aws-sdk/core": "3.554.0",
        "@aws-sdk/credential-provider-node": "3.554.0",
        "@aws-sdk/middleware-host-header": "3.535.0",
        "@aws-sdk/middleware-logger": "3.535.0",
        "@aws-sdk/middleware-recursion-detection": "3.535.0",
        "@aws-sdk/middleware-user-agent": "3.540.0",
        "@aws-sdk/region-config-resolver": "3.535.0",
        "@aws-sdk/types": "3.535.0",
        "@aws-sdk/util-endpoints": "3.540.0",
        "@aws-sdk/util-user-agent-browser": "3.535.0",
        "@aws-sdk/util-user-agent-node": "3.535.0",
        "@smithy/config-resolver": "^2.2.0",
        "@smithy/core": "^1.4.2",
        "@smithy/fetch-http-handler": "^2.5.0",
        "@smithy/hash-node": "^2.2.0",
        "@smithy/invalid-dependency": "^2.2.0",
        "@smithy/middleware-content-length": "^2.2.0",
        "@smithy/middleware-endpoint": "^2.5.1",
        "@smithy/middleware-retry": "^2.3.1",
        "@smithy/middleware-serde": "^2.3.0",
        "@smithy/middleware-stack": "^2.2.0",
        "@smithy/node-config-provider": "^2.3.0",
        "@smithy/node-http-handler": "^2.5.0",
        "@smithy/protocol-http": "^3.3.0",
        "@smithy/smithy-client": "^2.5.1",
        "@smithy/types": "^2.12.0",
        "@smithy/url-parser": "^2.2.0",
        "@smithy/util-base64": "^2.3.0",
        "@smithy/util-body-length-browser": "^2.2.0",
        "@smithy/util-body-length-node": "^2.3.0",
        "@smithy/util-defaults-mode-browser": "^2.2.1",
        "@smithy/util-defaults-mode-node": "^2.3.1",
        "@smithy/util-endpoints": "^1.2.0",
        "@smithy/util-middleware": "^2.2.0",
        "@smithy/util-retry": "^2.2.0",
        "@smithy/util-utf8": "^2.3.0",
        "@smithy/util-waiter": "^2.2.0",
        "tslib": "^2.6.2"
      },
      "engines": {
        "node": ">=14.0.0"
      }
    },
    "node_modules/@aws-sdk/client-sso": {
      "version": "3.554.0",
      "resolved": "https://registry.npmjs.org/@aws-sdk/client-sso/-/client-sso-3.554.0.tgz",
      "integrity": "sha512-yj6CgIxCT3UwMumEO481KH4QvwArkAPzD7Xvwe1QKgJATc9bKNEo/FxV8LfnWIJ7nOtMDxbNxYLMXH/Fs1qGaQ==",
      "dependencies": {
        "@aws-crypto/sha256-browser": "3.0.0",
        "@aws-crypto/sha256-js": "3.0.0",
        "@aws-sdk/core": "3.554.0",
        "@aws-sdk/middleware-host-header": "3.535.0",
        "@aws-sdk/middleware-logger": "3.535.0",
        "@aws-sdk/middleware-recursion-detection": "3.535.0",
        "@aws-sdk/middleware-user-agent": "3.540.0",
        "@aws-sdk/region-config-resolver": "3.535.0",
        "@aws-sdk/types": "3.535.0",
        "@aws-sdk/util-endpoints": "3.540.0",
        "@aws-sdk/util-user-agent-browser": "3.535.0",
        "@aws-sdk/util-user-agent-node": "3.535.0",
        "@smithy/config-resolver": "^2.2.0",
        "@smithy/core": "^1.4.2",
        "@smithy/fetch-http-handler": "^2.5.0",
        "@smithy/hash-node": "^2.2.0",
        "@smithy/invalid-dependency": "^2.2.0",
        "@smithy/middleware-content-length": "^2.2.0",
        "@smithy/middleware-endpoint": "^2.5.1",
        "@smithy/middleware-retry": "^2.3.1",
        "@smithy/middleware-serde": "^2.3.0",
        "@smithy/middleware-stack": "^2.2.0",
        "@smithy/node-config-provider": "^2.3.0",
        "@smithy/node-http-handler": "^2.5.0",
        "@smithy/protocol-http": "^3.3.0",
        "@smithy/smithy-client": "^2.5.1",
        "@smithy/types": "^2.12.0",
        "@smithy/url-parser": "^2.2.0",
        "@smithy/util-base64": "^2.3.0",
        "@smithy/util-body-length-browser": "^2.2.0",
        "@smithy/util-body-length-node": "^2.3.0",
        "@smithy/util-defaults-mode-browser": "^2.2.1",
        "@smithy/util-defaults-mode-node": "^2.3.1",
        "@smithy/util-endpoints": "^1.2.0",
        "@smithy/util-middleware": "^2.2.0",
        "@smithy/util-retry": "^2.2.0",
        "@smithy/util-utf8": "^2.3.0",
        "tslib": "^2.6.2"
      },
      "engines": {
        "node": ">=14.0.0"
      }
    },
    "node_modules/@aws-sdk/client-sso-oidc": {
      "version": "3.554.0",
      "resolved": "https://registry.npmjs.org/@aws-sdk/client-sso-oidc/-/client-sso-oidc-3.554.0.tgz",
      "integrity": "sha512-M86rkiRqbZBF5VyfTQ/vttry9VSoQkZ1oCqYF+SAGlXmD0Of8587yRSj2M4rYe0Uj7nRQIfSnhDYp1UzsZeRfQ==",
      "dependencies": {
        "@aws-crypto/sha256-browser": "3.0.0",
        "@aws-crypto/sha256-js": "3.0.0",
        "@aws-sdk/client-sts": "3.554.0",
        "@aws-sdk/core": "3.554.0",
        "@aws-sdk/middleware-host-header": "3.535.0",
        "@aws-sdk/middleware-logger": "3.535.0",
        "@aws-sdk/middleware-recursion-detection": "3.535.0",
        "@aws-sdk/middleware-user-agent": "3.540.0",
        "@aws-sdk/region-config-resolver": "3.535.0",
        "@aws-sdk/types": "3.535.0",
        "@aws-sdk/util-endpoints": "3.540.0",
        "@aws-sdk/util-user-agent-browser": "3.535.0",
        "@aws-sdk/util-user-agent-node": "3.535.0",
        "@smithy/config-resolver": "^2.2.0",
        "@smithy/core": "^1.4.2",
        "@smithy/fetch-http-handler": "^2.5.0",
        "@smithy/hash-node": "^2.2.0",
        "@smithy/invalid-dependency": "^2.2.0",
        "@smithy/middleware-content-length": "^2.2.0",
        "@smithy/middleware-endpoint": "^2.5.1",
        "@smithy/middleware-retry": "^2.3.1",
        "@smithy/middleware-serde": "^2.3.0",
        "@smithy/middleware-stack": "^2.2.0",
        "@smithy/node-config-provider": "^2.3.0",
        "@smithy/node-http-handler": "^2.5.0",
        "@smithy/protocol-http": "^3.3.0",
        "@smithy/smithy-client": "^2.5.1",
        "@smithy/types": "^2.12.0",
        "@smithy/url-parser": "^2.2.0",
        "@smithy/util-base64": "^2.3.0",
        "@smithy/util-body-length-browser": "^2.2.0",
        "@smithy/util-body-length-node": "^2.3.0",
        "@smithy/util-defaults-mode-browser": "^2.2.1",
        "@smithy/util-defaults-mode-node": "^2.3.1",
        "@smithy/util-endpoints": "^1.2.0",
        "@smithy/util-middleware": "^2.2.0",
        "@smithy/util-retry": "^2.2.0",
        "@smithy/util-utf8": "^2.3.0",
        "tslib": "^2.6.2"
      },
      "engines": {
        "node": ">=14.0.0"
      },
      "peerDependencies": {
        "@aws-sdk/credential-provider-node": "^3.554.0"
      }
    },
    "node_modules/@aws-sdk/client-sts": {
      "version": "3.554.0",
      "resolved": "https://registry.npmjs.org/@aws-sdk/client-sts/-/client-sts-3.554.0.tgz",
      "integrity": "sha512-EhaA6T0M0DNg5M8TCF1a7XJI5D/ZxAF3dgVIchyF98iNzjYgl/7U8K6hJay2A11aFvVu70g46xYMpz3Meky4wQ==",
      "dependencies": {
        "@aws-crypto/sha256-browser": "3.0.0",
        "@aws-crypto/sha256-js": "3.0.0",
        "@aws-sdk/core": "3.554.0",
        "@aws-sdk/middleware-host-header": "3.535.0",
        "@aws-sdk/middleware-logger": "3.535.0",
        "@aws-sdk/middleware-recursion-detection": "3.535.0",
        "@aws-sdk/middleware-user-agent": "3.540.0",
        "@aws-sdk/region-config-resolver": "3.535.0",
        "@aws-sdk/types": "3.535.0",
        "@aws-sdk/util-endpoints": "3.540.0",
        "@aws-sdk/util-user-agent-browser": "3.535.0",
        "@aws-sdk/util-user-agent-node": "3.535.0",
        "@smithy/config-resolver": "^2.2.0",
        "@smithy/core": "^1.4.2",
        "@smithy/fetch-http-handler": "^2.5.0",
        "@smithy/hash-node": "^2.2.0",
        "@smithy/invalid-dependency": "^2.2.0",
        "@smithy/middleware-content-length": "^2.2.0",
        "@smithy/middleware-endpoint": "^2.5.1",
        "@smithy/middleware-retry": "^2.3.1",
        "@smithy/middleware-serde": "^2.3.0",
        "@smithy/middleware-stack": "^2.2.0",
        "@smithy/node-config-provider": "^2.3.0",
        "@smithy/node-http-handler": "^2.5.0",
        "@smithy/protocol-http": "^3.3.0",
        "@smithy/smithy-client": "^2.5.1",
        "@smithy/types": "^2.12.0",
        "@smithy/url-parser": "^2.2.0",
        "@smithy/util-base64": "^2.3.0",
        "@smithy/util-body-length-browser": "^2.2.0",
        "@smithy/util-body-length-node": "^2.3.0",
        "@smithy/util-defaults-mode-browser": "^2.2.1",
        "@smithy/util-defaults-mode-node": "^2.3.1",
        "@smithy/util-endpoints": "^1.2.0",
        "@smithy/util-middleware": "^2.2.0",
        "@smithy/util-retry": "^2.2.0",
        "@smithy/util-utf8": "^2.3.0",
        "tslib": "^2.6.2"
      },
      "engines": {
        "node": ">=14.0.0"
      },
      "peerDependencies": {
        "@aws-sdk/credential-provider-node": "^3.554.0"
      }
    },
    "node_modules/@aws-sdk/core": {
      "version": "3.554.0",
      "resolved": "https://registry.npmjs.org/@aws-sdk/core/-/core-3.554.0.tgz",
      "integrity": "sha512-JrG7ToTLeNf+/S3IiCUPVw9jEDB0DXl5ho8n/HwOa946mv+QyCepCuV2U/8f/1KAX0mD8Ufm/E4/cbCbFHgbSg==",
      "dependencies": {
        "@smithy/core": "^1.4.2",
        "@smithy/protocol-http": "^3.3.0",
        "@smithy/signature-v4": "^2.2.1",
        "@smithy/smithy-client": "^2.5.1",
        "@smithy/types": "^2.12.0",
        "fast-xml-parser": "4.2.5",
        "tslib": "^2.6.2"
      },
      "engines": {
        "node": ">=14.0.0"
      }
    },
    "node_modules/@aws-sdk/credential-provider-env": {
      "version": "3.535.0",
      "resolved": "https://registry.npmjs.org/@aws-sdk/credential-provider-env/-/credential-provider-env-3.535.0.tgz",
      "integrity": "sha512-XppwO8c0GCGSAvdzyJOhbtktSEaShg14VJKg8mpMa1XcgqzmcqqHQjtDWbx5rZheY1VdpXZhpEzJkB6LpQejpA==",
      "dependencies": {
        "@aws-sdk/types": "3.535.0",
        "@smithy/property-provider": "^2.2.0",
        "@smithy/types": "^2.12.0",
        "tslib": "^2.6.2"
      },
      "engines": {
        "node": ">=14.0.0"
      }
    },
    "node_modules/@aws-sdk/credential-provider-http": {
      "version": "3.552.0",
      "resolved": "https://registry.npmjs.org/@aws-sdk/credential-provider-http/-/credential-provider-http-3.552.0.tgz",
      "integrity": "sha512-vsmu7Cz1i45pFEqzVb4JcFmAmVnWFNLsGheZc8SCptlqCO5voETrZZILHYIl4cjKkSDk3pblBOf0PhyjqWW6WQ==",
      "dependencies": {
        "@aws-sdk/types": "3.535.0",
        "@smithy/fetch-http-handler": "^2.5.0",
        "@smithy/node-http-handler": "^2.5.0",
        "@smithy/property-provider": "^2.2.0",
        "@smithy/protocol-http": "^3.3.0",
        "@smithy/smithy-client": "^2.5.1",
        "@smithy/types": "^2.12.0",
        "@smithy/util-stream": "^2.2.0",
        "tslib": "^2.6.2"
      },
      "engines": {
        "node": ">=14.0.0"
      }
    },
    "node_modules/@aws-sdk/credential-provider-ini": {
      "version": "3.554.0",
      "resolved": "https://registry.npmjs.org/@aws-sdk/credential-provider-ini/-/credential-provider-ini-3.554.0.tgz",
      "integrity": "sha512-BQenhg43S6TMJHxrdjDVdVF+HH5tA1op9ZYLyJrvV5nn7CCO4kyAkkOuSAv1NkL+RZsIkW0/vHTXwQOQw3cUsg==",
      "dependencies": {
        "@aws-sdk/client-sts": "3.554.0",
        "@aws-sdk/credential-provider-env": "3.535.0",
        "@aws-sdk/credential-provider-process": "3.535.0",
        "@aws-sdk/credential-provider-sso": "3.554.0",
        "@aws-sdk/credential-provider-web-identity": "3.554.0",
        "@aws-sdk/types": "3.535.0",
        "@smithy/credential-provider-imds": "^2.3.0",
        "@smithy/property-provider": "^2.2.0",
        "@smithy/shared-ini-file-loader": "^2.4.0",
        "@smithy/types": "^2.12.0",
        "tslib": "^2.6.2"
      },
      "engines": {
        "node": ">=14.0.0"
      }
    },
    "node_modules/@aws-sdk/credential-provider-node": {
      "version": "3.554.0",
      "resolved": "https://registry.npmjs.org/@aws-sdk/credential-provider-node/-/credential-provider-node-3.554.0.tgz",
      "integrity": "sha512-poX/+2OE3oxqp4f5MiaJh251p8l+bzcFwgcDBwz0e2rcpvMSYl9jw4AvGnCiG2bmf9yhNJdftBiS1A+KjxV0qA==",
      "dependencies": {
        "@aws-sdk/credential-provider-env": "3.535.0",
        "@aws-sdk/credential-provider-http": "3.552.0",
        "@aws-sdk/credential-provider-ini": "3.554.0",
        "@aws-sdk/credential-provider-process": "3.535.0",
        "@aws-sdk/credential-provider-sso": "3.554.0",
        "@aws-sdk/credential-provider-web-identity": "3.554.0",
        "@aws-sdk/types": "3.535.0",
        "@smithy/credential-provider-imds": "^2.3.0",
        "@smithy/property-provider": "^2.2.0",
        "@smithy/shared-ini-file-loader": "^2.4.0",
        "@smithy/types": "^2.12.0",
        "tslib": "^2.6.2"
      },
      "engines": {
        "node": ">=14.0.0"
      }
    },
    "node_modules/@aws-sdk/credential-provider-process": {
      "version": "3.535.0",
      "resolved": "https://registry.npmjs.org/@aws-sdk/credential-provider-process/-/credential-provider-process-3.535.0.tgz",
      "integrity": "sha512-9O1OaprGCnlb/kYl8RwmH7Mlg8JREZctB8r9sa1KhSsWFq/SWO0AuJTyowxD7zL5PkeS4eTvzFFHWCa3OO5epA==",
      "dependencies": {
        "@aws-sdk/types": "3.535.0",
        "@smithy/property-provider": "^2.2.0",
        "@smithy/shared-ini-file-loader": "^2.4.0",
        "@smithy/types": "^2.12.0",
        "tslib": "^2.6.2"
      },
      "engines": {
        "node": ">=14.0.0"
      }
    },
    "node_modules/@aws-sdk/credential-provider-sso": {
      "version": "3.554.0",
      "resolved": "https://registry.npmjs.org/@aws-sdk/credential-provider-sso/-/credential-provider-sso-3.554.0.tgz",
      "integrity": "sha512-8QPpwBA31i/fZ7lDZJC4FA9EdxLg5SJ8sPB2qLSjp5UTGTYL2HRl0Eznkb7DXyp/wImsR/HFR1NxuFCCVotLCg==",
      "dependencies": {
        "@aws-sdk/client-sso": "3.554.0",
        "@aws-sdk/token-providers": "3.554.0",
        "@aws-sdk/types": "3.535.0",
        "@smithy/property-provider": "^2.2.0",
        "@smithy/shared-ini-file-loader": "^2.4.0",
        "@smithy/types": "^2.12.0",
        "tslib": "^2.6.2"
      },
      "engines": {
        "node": ">=14.0.0"
      }
    },
    "node_modules/@aws-sdk/credential-provider-web-identity": {
      "version": "3.554.0",
      "resolved": "https://registry.npmjs.org/@aws-sdk/credential-provider-web-identity/-/credential-provider-web-identity-3.554.0.tgz",
      "integrity": "sha512-HN54DzLjepw5ZWSF9ycGevhFTyg6pjLuLKy5Y8t/f1jFDComzYdGEDe0cdV9YO653W3+PQwZZGz09YVygGYBLg==",
      "dependencies": {
        "@aws-sdk/client-sts": "3.554.0",
        "@aws-sdk/types": "3.535.0",
        "@smithy/property-provider": "^2.2.0",
        "@smithy/types": "^2.12.0",
        "tslib": "^2.6.2"
      },
      "engines": {
        "node": ">=14.0.0"
      }
    },
    "node_modules/@aws-sdk/middleware-host-header": {
      "version": "3.535.0",
      "resolved": "https://registry.npmjs.org/@aws-sdk/middleware-host-header/-/middleware-host-header-3.535.0.tgz",
      "integrity": "sha512-0h6TWjBWtDaYwHMQJI9ulafeS4lLaw1vIxRjbpH0svFRt6Eve+Sy8NlVhECfTU2hNz/fLubvrUxsXoThaLBIew==",
      "dependencies": {
        "@aws-sdk/types": "3.535.0",
        "@smithy/protocol-http": "^3.3.0",
        "@smithy/types": "^2.12.0",
        "tslib": "^2.6.2"
      },
      "engines": {
        "node": ">=14.0.0"
      }
    },
    "node_modules/@aws-sdk/middleware-logger": {
      "version": "3.535.0",
      "resolved": "https://registry.npmjs.org/@aws-sdk/middleware-logger/-/middleware-logger-3.535.0.tgz",
      "integrity": "sha512-huNHpONOrEDrdRTvSQr1cJiRMNf0S52NDXtaPzdxiubTkP+vni2MohmZANMOai/qT0olmEVX01LhZ0ZAOgmg6A==",
      "dependencies": {
        "@aws-sdk/types": "3.535.0",
        "@smithy/types": "^2.12.0",
        "tslib": "^2.6.2"
      },
      "engines": {
        "node": ">=14.0.0"
      }
    },
    "node_modules/@aws-sdk/middleware-recursion-detection": {
      "version": "3.535.0",
      "resolved": "https://registry.npmjs.org/@aws-sdk/middleware-recursion-detection/-/middleware-recursion-detection-3.535.0.tgz",
      "integrity": "sha512-am2qgGs+gwqmR4wHLWpzlZ8PWhm4ktj5bYSgDrsOfjhdBlWNxvPoID9/pDAz5RWL48+oH7I6SQzMqxXsFDikrw==",
      "dependencies": {
        "@aws-sdk/types": "3.535.0",
        "@smithy/protocol-http": "^3.3.0",
        "@smithy/types": "^2.12.0",
        "tslib": "^2.6.2"
      },
      "engines": {
        "node": ">=14.0.0"
      }
    },
    "node_modules/@aws-sdk/middleware-user-agent": {
      "version": "3.540.0",
      "resolved": "https://registry.npmjs.org/@aws-sdk/middleware-user-agent/-/middleware-user-agent-3.540.0.tgz",
      "integrity": "sha512-8Rd6wPeXDnOYzWj1XCmOKcx/Q87L0K1/EHqOBocGjLVbN3gmRxBvpmR1pRTjf7IsWfnnzN5btqtcAkfDPYQUMQ==",
      "dependencies": {
        "@aws-sdk/types": "3.535.0",
        "@aws-sdk/util-endpoints": "3.540.0",
        "@smithy/protocol-http": "^3.3.0",
        "@smithy/types": "^2.12.0",
        "tslib": "^2.6.2"
      },
      "engines": {
        "node": ">=14.0.0"
      }
    },
    "node_modules/@aws-sdk/region-config-resolver": {
      "version": "3.535.0",
      "resolved": "https://registry.npmjs.org/@aws-sdk/region-config-resolver/-/region-config-resolver-3.535.0.tgz",
      "integrity": "sha512-IXOznDiaItBjsQy4Fil0kzX/J3HxIOknEphqHbOfUf+LpA5ugcsxuQQONrbEQusCBnfJyymrldBvBhFmtlU9Wg==",
      "dependencies": {
        "@aws-sdk/types": "3.535.0",
        "@smithy/node-config-provider": "^2.3.0",
        "@smithy/types": "^2.12.0",
        "@smithy/util-config-provider": "^2.3.0",
        "@smithy/util-middleware": "^2.2.0",
        "tslib": "^2.6.2"
      },
      "engines": {
        "node": ">=14.0.0"
      }
    },
    "node_modules/@aws-sdk/token-providers": {
      "version": "3.554.0",
      "resolved": "https://registry.npmjs.org/@aws-sdk/token-providers/-/token-providers-3.554.0.tgz",
      "integrity": "sha512-KMMQ5Cw0FUPL9H8g69Lp08xtzRo7r/MK+lBV6LznWBbCP/NwtZ8awVHaPy2P31z00cWtu9MYkUTviWPqJTaBvg==",
      "dependencies": {
        "@aws-sdk/client-sso-oidc": "3.554.0",
        "@aws-sdk/types": "3.535.0",
        "@smithy/property-provider": "^2.2.0",
        "@smithy/shared-ini-file-loader": "^2.4.0",
        "@smithy/types": "^2.12.0",
        "tslib": "^2.6.2"
      },
      "engines": {
        "node": ">=14.0.0"
      }
    },
    "node_modules/@aws-sdk/types": {
      "version": "3.535.0",
      "resolved": "https://registry.npmjs.org/@aws-sdk/types/-/types-3.535.0.tgz",
      "integrity": "sha512-aY4MYfduNj+sRR37U7XxYR8wemfbKP6lx00ze2M2uubn7mZotuVrWYAafbMSXrdEMSToE5JDhr28vArSOoLcSg==",
      "dependencies": {
        "@smithy/types": "^2.12.0",
        "tslib": "^2.6.2"
      },
      "engines": {
        "node": ">=14.0.0"
      }
    },
    "node_modules/@aws-sdk/util-endpoints": {
      "version": "3.540.0",
      "resolved": "https://registry.npmjs.org/@aws-sdk/util-endpoints/-/util-endpoints-3.540.0.tgz",
      "integrity": "sha512-1kMyQFAWx6f8alaI6UT65/5YW/7pDWAKAdNwL6vuJLea03KrZRX3PMoONOSJpAS5m3Ot7HlWZvf3wZDNTLELZw==",
      "dependencies": {
        "@aws-sdk/types": "3.535.0",
        "@smithy/types": "^2.12.0",
        "@smithy/util-endpoints": "^1.2.0",
        "tslib": "^2.6.2"
      },
      "engines": {
        "node": ">=14.0.0"
      }
    },
    "node_modules/@aws-sdk/util-locate-window": {
      "version": "3.535.0",
      "resolved": "https://registry.npmjs.org/@aws-sdk/util-locate-window/-/util-locate-window-3.535.0.tgz",
      "integrity": "sha512-PHJ3SL6d2jpcgbqdgiPxkXpu7Drc2PYViwxSIqvvMKhDwzSB1W3mMvtpzwKM4IE7zLFodZo0GKjJ9AsoXndXhA==",
      "dependencies": {
        "tslib": "^2.6.2"
      },
      "engines": {
        "node": ">=14.0.0"
      }
    },
    "node_modules/@aws-sdk/util-user-agent-browser": {
      "version": "3.535.0",
      "resolved": "https://registry.npmjs.org/@aws-sdk/util-user-agent-browser/-/util-user-agent-browser-3.535.0.tgz",
      "integrity": "sha512-RWMcF/xV5n+nhaA/Ff5P3yNP3Kur/I+VNZngog4TEs92oB/nwOdAg/2JL8bVAhUbMrjTjpwm7PItziYFQoqyig==",
      "dependencies": {
        "@aws-sdk/types": "3.535.0",
        "@smithy/types": "^2.12.0",
        "bowser": "^2.11.0",
        "tslib": "^2.6.2"
      }
    },
    "node_modules/@aws-sdk/util-user-agent-node": {
      "version": "3.535.0",
      "resolved": "https://registry.npmjs.org/@aws-sdk/util-user-agent-node/-/util-user-agent-node-3.535.0.tgz",
      "integrity": "sha512-dRek0zUuIT25wOWJlsRm97nTkUlh1NDcLsQZIN2Y8KxhwoXXWtJs5vaDPT+qAg+OpcNj80i1zLR/CirqlFg/TQ==",
      "dependencies": {
        "@aws-sdk/types": "3.535.0",
        "@smithy/node-config-provider": "^2.3.0",
        "@smithy/types": "^2.12.0",
        "tslib": "^2.6.2"
      },
      "engines": {
        "node": ">=14.0.0"
      },
      "peerDependencies": {
        "aws-crt": ">=1.0.0"
      },
      "peerDependenciesMeta": {
        "aws-crt": {
          "optional": true
        }
      }
    },
    "node_modules/@aws-sdk/util-utf8-browser": {
      "version": "3.259.0",
      "resolved": "https://registry.npmjs.org/@aws-sdk/util-utf8-browser/-/util-utf8-browser-3.259.0.tgz",
      "integrity": "sha512-UvFa/vR+e19XookZF8RzFZBrw2EUkQWxiBW0yYQAhvk3C+QVGl0H3ouca8LDBlBfQKXwmW3huo/59H8rwb1wJw==",
      "dependencies": {
        "tslib": "^2.3.1"
      }
    },
    "node_modules/@fastify/busboy": {
      "version": "2.1.1",
      "resolved": "https://registry.npmjs.org/@fastify/busboy/-/busboy-2.1.1.tgz",
      "integrity": "sha512-vBZP4NlzfOlerQTnba4aqZoMhE/a9HY7HRqoOPaETQcSQuWEIyZMHGfVu6w9wGtGK5fED5qRs2DteVCjOH60sA==",
      "engines": {
        "node": ">=14"
      }
    },
    "node_modules/@smithy/abort-controller": {
      "version": "2.2.0",
      "resolved": "https://registry.npmjs.org/@smithy/abort-controller/-/abort-controller-2.2.0.tgz",
      "integrity": "sha512-wRlta7GuLWpTqtFfGo+nZyOO1vEvewdNR1R4rTxpC8XU6vG/NDyrFBhwLZsqg1NUoR1noVaXJPC/7ZK47QCySw==",
      "dependencies": {
        "@smithy/types": "^2.12.0",
        "tslib": "^2.6.2"
      },
      "engines": {
        "node": ">=14.0.0"
      }
    },
    "node_modules/@smithy/config-resolver": {
      "version": "2.2.0",
      "resolved": "https://registry.npmjs.org/@smithy/config-resolver/-/config-resolver-2.2.0.tgz",
      "integrity": "sha512-fsiMgd8toyUba6n1WRmr+qACzXltpdDkPTAaDqc8QqPBUzO+/JKwL6bUBseHVi8tu9l+3JOK+tSf7cay+4B3LA==",
      "dependencies": {
        "@smithy/node-config-provider": "^2.3.0",
        "@smithy/types": "^2.12.0",
        "@smithy/util-config-provider": "^2.3.0",
        "@smithy/util-middleware": "^2.2.0",
        "tslib": "^2.6.2"
      },
      "engines": {
        "node": ">=14.0.0"
      }
    },
    "node_modules/@smithy/core": {
      "version": "1.4.2",
      "resolved": "https://registry.npmjs.org/@smithy/core/-/core-1.4.2.tgz",
      "integrity": "sha512-2fek3I0KZHWJlRLvRTqxTEri+qV0GRHrJIoLFuBMZB4EMg4WgeBGfF0X6abnrNYpq55KJ6R4D6x4f0vLnhzinA==",
      "dependencies": {
        "@smithy/middleware-endpoint": "^2.5.1",
        "@smithy/middleware-retry": "^2.3.1",
        "@smithy/middleware-serde": "^2.3.0",
        "@smithy/protocol-http": "^3.3.0",
        "@smithy/smithy-client": "^2.5.1",
        "@smithy/types": "^2.12.0",
        "@smithy/util-middleware": "^2.2.0",
        "tslib": "^2.6.2"
      },
      "engines": {
        "node": ">=14.0.0"
      }
    },
    "node_modules/@smithy/credential-provider-imds": {
      "version": "2.3.0",
      "resolved": "https://registry.npmjs.org/@smithy/credential-provider-imds/-/credential-provider-imds-2.3.0.tgz",
      "integrity": "sha512-BWB9mIukO1wjEOo1Ojgl6LrG4avcaC7T/ZP6ptmAaW4xluhSIPZhY+/PI5YKzlk+jsm+4sQZB45Bt1OfMeQa3w==",
      "dependencies": {
        "@smithy/node-config-provider": "^2.3.0",
        "@smithy/property-provider": "^2.2.0",
        "@smithy/types": "^2.12.0",
        "@smithy/url-parser": "^2.2.0",
        "tslib": "^2.6.2"
      },
      "engines": {
        "node": ">=14.0.0"
      }
    },
    "node_modules/@smithy/fetch-http-handler": {
      "version": "2.5.0",
      "resolved": "https://registry.npmjs.org/@smithy/fetch-http-handler/-/fetch-http-handler-2.5.0.tgz",
      "integrity": "sha512-BOWEBeppWhLn/no/JxUL/ghTfANTjT7kg3Ww2rPqTUY9R4yHPXxJ9JhMe3Z03LN3aPwiwlpDIUcVw1xDyHqEhw==",
      "dependencies": {
        "@smithy/protocol-http": "^3.3.0",
        "@smithy/querystring-builder": "^2.2.0",
        "@smithy/types": "^2.12.0",
        "@smithy/util-base64": "^2.3.0",
        "tslib": "^2.6.2"
      }
    },
    "node_modules/@smithy/hash-node": {
      "version": "2.2.0",
      "resolved": "https://registry.npmjs.org/@smithy/hash-node/-/hash-node-2.2.0.tgz",
      "integrity": "sha512-zLWaC/5aWpMrHKpoDF6nqpNtBhlAYKF/7+9yMN7GpdR8CzohnWfGtMznPybnwSS8saaXBMxIGwJqR4HmRp6b3g==",
      "dependencies": {
        "@smithy/types": "^2.12.0",
        "@smithy/util-buffer-from": "^2.2.0",
        "@smithy/util-utf8": "^2.3.0",
        "tslib": "^2.6.2"
      },
      "engines": {
        "node": ">=14.0.0"
      }
    },
    "node_modules/@smithy/invalid-dependency": {
      "version": "2.2.0",
      "resolved": "https://registry.npmjs.org/@smithy/invalid-dependency/-/invalid-dependency-2.2.0.tgz",
      "integrity": "sha512-nEDASdbKFKPXN2O6lOlTgrEEOO9NHIeO+HVvZnkqc8h5U9g3BIhWsvzFo+UcUbliMHvKNPD/zVxDrkP1Sbgp8Q==",
      "dependencies": {
        "@smithy/types": "^2.12.0",
        "tslib": "^2.6.2"
      }
    },
    "node_modules/@smithy/is-array-buffer": {
      "version": "2.2.0",
      "resolved": "https://registry.npmjs.org/@smithy/is-array-buffer/-/is-array-buffer-2.2.0.tgz",
      "integrity": "sha512-GGP3O9QFD24uGeAXYUjwSTXARoqpZykHadOmA8G5vfJPK0/DC67qa//0qvqrJzL1xc8WQWX7/yc7fwudjPHPhA==",
      "dependencies": {
        "tslib": "^2.6.2"
      },
      "engines": {
        "node": ">=14.0.0"
      }
    },
    "node_modules/@smithy/middleware-content-length": {
      "version": "2.2.0",
      "resolved": "https://registry.npmjs.org/@smithy/middleware-content-length/-/middleware-content-length-2.2.0.tgz",
      "integrity": "sha512-5bl2LG1Ah/7E5cMSC+q+h3IpVHMeOkG0yLRyQT1p2aMJkSrZG7RlXHPuAgb7EyaFeidKEnnd/fNaLLaKlHGzDQ==",
      "dependencies": {
        "@smithy/protocol-http": "^3.3.0",
        "@smithy/types": "^2.12.0",
        "tslib": "^2.6.2"
      },
      "engines": {
        "node": ">=14.0.0"
      }
    },
    "node_modules/@smithy/middleware-endpoint": {
      "version": "2.5.1",
      "resolved": "https://registry.npmjs.org/@smithy/middleware-endpoint/-/middleware-endpoint-2.5.1.tgz",
      "integrity": "sha512-1/8kFp6Fl4OsSIVTWHnNjLnTL8IqpIb/D3sTSczrKFnrE9VMNWxnrRKNvpUHOJ6zpGD5f62TPm7+17ilTJpiCQ==",
      "dependencies": {
        "@smithy/middleware-serde": "^2.3.0",
        "@smithy/node-config-provider": "^2.3.0",
        "@smithy/shared-ini-file-loader": "^2.4.0",
        "@smithy/types": "^2.12.0",
        "@smithy/url-parser": "^2.2.0",
        "@smithy/util-middleware": "^2.2.0",
        "tslib": "^2.6.2"
      },
      "engines": {
        "node": ">=14.0.0"
      }
    },
    "node_modules/@smithy/middleware-retry": {
      "version": "2.3.1",
      "resolved": "https://registry.npmjs.org/@smithy/middleware-retry/-/middleware-retry-2.3.1.tgz",
      "integrity": "sha512-P2bGufFpFdYcWvqpyqqmalRtwFUNUA8vHjJR5iGqbfR6mp65qKOLcUd6lTr4S9Gn/enynSrSf3p3FVgVAf6bXA==",
      "dependencies": {
        "@smithy/node-config-provider": "^2.3.0",
        "@smithy/protocol-http": "^3.3.0",
        "@smithy/service-error-classification": "^2.1.5",
        "@smithy/smithy-client": "^2.5.1",
        "@smithy/types": "^2.12.0",
        "@smithy/util-middleware": "^2.2.0",
        "@smithy/util-retry": "^2.2.0",
        "tslib": "^2.6.2",
        "uuid": "^9.0.1"
      },
      "engines": {
        "node": ">=14.0.0"
      }
    },
    "node_modules/@smithy/middleware-retry/node_modules/uuid": {
      "version": "9.0.1",
      "resolved": "https://registry.npmjs.org/uuid/-/uuid-9.0.1.tgz",
      "integrity": "sha512-b+1eJOlsR9K8HJpow9Ok3fiWOWSIcIzXodvv0rQjVoOVNpWMpxf1wZNpt4y9h10odCNrqnYp1OBzRktckBe3sA==",
      "funding": [
        "https://github.com/sponsors/broofa",
        "https://github.com/sponsors/ctavan"
      ],
      "bin": {
        "uuid": "dist/bin/uuid"
      }
    },
    "node_modules/@smithy/middleware-serde": {
      "version": "2.3.0",
      "resolved": "https://registry.npmjs.org/@smithy/middleware-serde/-/middleware-serde-2.3.0.tgz",
      "integrity": "sha512-sIADe7ojwqTyvEQBe1nc/GXB9wdHhi9UwyX0lTyttmUWDJLP655ZYE1WngnNyXREme8I27KCaUhyhZWRXL0q7Q==",
      "dependencies": {
        "@smithy/types": "^2.12.0",
        "tslib": "^2.6.2"
      },
      "engines": {
        "node": ">=14.0.0"
      }
    },
    "node_modules/@smithy/middleware-stack": {
      "version": "2.2.0",
      "resolved": "https://registry.npmjs.org/@smithy/middleware-stack/-/middleware-stack-2.2.0.tgz",
      "integrity": "sha512-Qntc3jrtwwrsAC+X8wms8zhrTr0sFXnyEGhZd9sLtsJ/6gGQKFzNB+wWbOcpJd7BR8ThNCoKt76BuQahfMvpeA==",
      "dependencies": {
        "@smithy/types": "^2.12.0",
        "tslib": "^2.6.2"
      },
      "engines": {
        "node": ">=14.0.0"
      }
    },
    "node_modules/@smithy/node-config-provider": {
      "version": "2.3.0",
      "resolved": "https://registry.npmjs.org/@smithy/node-config-provider/-/node-config-provider-2.3.0.tgz",
      "integrity": "sha512-0elK5/03a1JPWMDPaS726Iw6LpQg80gFut1tNpPfxFuChEEklo2yL823V94SpTZTxmKlXFtFgsP55uh3dErnIg==",
      "dependencies": {
        "@smithy/property-provider": "^2.2.0",
        "@smithy/shared-ini-file-loader": "^2.4.0",
        "@smithy/types": "^2.12.0",
        "tslib": "^2.6.2"
      },
      "engines": {
        "node": ">=14.0.0"
      }
    },
    "node_modules/@smithy/node-http-handler": {
      "version": "2.5.0",
      "resolved": "https://registry.npmjs.org/@smithy/node-http-handler/-/node-http-handler-2.5.0.tgz",
      "integrity": "sha512-mVGyPBzkkGQsPoxQUbxlEfRjrj6FPyA3u3u2VXGr9hT8wilsoQdZdvKpMBFMB8Crfhv5dNkKHIW0Yyuc7eABqA==",
      "dependencies": {
        "@smithy/abort-controller": "^2.2.0",
        "@smithy/protocol-http": "^3.3.0",
        "@smithy/querystring-builder": "^2.2.0",
        "@smithy/types": "^2.12.0",
        "tslib": "^2.6.2"
      },
      "engines": {
        "node": ">=14.0.0"
      }
    },
    "node_modules/@smithy/property-provider": {
      "version": "2.2.0",
      "resolved": "https://registry.npmjs.org/@smithy/property-provider/-/property-provider-2.2.0.tgz",
      "integrity": "sha512-+xiil2lFhtTRzXkx8F053AV46QnIw6e7MV8od5Mi68E1ICOjCeCHw2XfLnDEUHnT9WGUIkwcqavXjfwuJbGlpg==",
      "dependencies": {
        "@smithy/types": "^2.12.0",
        "tslib": "^2.6.2"
      },
      "engines": {
        "node": ">=14.0.0"
      }
    },
    "node_modules/@smithy/protocol-http": {
      "version": "3.3.0",
      "resolved": "https://registry.npmjs.org/@smithy/protocol-http/-/protocol-http-3.3.0.tgz",
      "integrity": "sha512-Xy5XK1AFWW2nlY/biWZXu6/krgbaf2dg0q492D8M5qthsnU2H+UgFeZLbM76FnH7s6RO/xhQRkj+T6KBO3JzgQ==",
      "dependencies": {
        "@smithy/types": "^2.12.0",
        "tslib": "^2.6.2"
      },
      "engines": {
        "node": ">=14.0.0"
      }
    },
    "node_modules/@smithy/querystring-builder": {
      "version": "2.2.0",
      "resolved": "https://registry.npmjs.org/@smithy/querystring-builder/-/querystring-builder-2.2.0.tgz",
      "integrity": "sha512-L1kSeviUWL+emq3CUVSgdogoM/D9QMFaqxL/dd0X7PCNWmPXqt+ExtrBjqT0V7HLN03Vs9SuiLrG3zy3JGnE5A==",
      "dependencies": {
        "@smithy/types": "^2.12.0",
        "@smithy/util-uri-escape": "^2.2.0",
        "tslib": "^2.6.2"
      },
      "engines": {
        "node": ">=14.0.0"
      }
    },
    "node_modules/@smithy/querystring-parser": {
      "version": "2.2.0",
      "resolved": "https://registry.npmjs.org/@smithy/querystring-parser/-/querystring-parser-2.2.0.tgz",
      "integrity": "sha512-BvHCDrKfbG5Yhbpj4vsbuPV2GgcpHiAkLeIlcA1LtfpMz3jrqizP1+OguSNSj1MwBHEiN+jwNisXLGdajGDQJA==",
      "dependencies": {
        "@smithy/types": "^2.12.0",
        "tslib": "^2.6.2"
      },
      "engines": {
        "node": ">=14.0.0"
      }
    },
    "node_modules/@smithy/service-error-classification": {
      "version": "2.1.5",
      "resolved": "https://registry.npmjs.org/@smithy/service-error-classification/-/service-error-classification-2.1.5.tgz",
      "integrity": "sha512-uBDTIBBEdAQryvHdc5W8sS5YX7RQzF683XrHePVdFmAgKiMofU15FLSM0/HU03hKTnazdNRFa0YHS7+ArwoUSQ==",
      "dependencies": {
        "@smithy/types": "^2.12.0"
      },
      "engines": {
        "node": ">=14.0.0"
      }
    },
    "node_modules/@smithy/shared-ini-file-loader": {
      "version": "2.4.0",
      "resolved": "https://registry.npmjs.org/@smithy/shared-ini-file-loader/-/shared-ini-file-loader-2.4.0.tgz",
      "integrity": "sha512-WyujUJL8e1B6Z4PBfAqC/aGY1+C7T0w20Gih3yrvJSk97gpiVfB+y7c46T4Nunk+ZngLq0rOIdeVeIklk0R3OA==",
      "dependencies": {
        "@smithy/types": "^2.12.0",
        "tslib": "^2.6.2"
      },
      "engines": {
        "node": ">=14.0.0"
      }
    },
    "node_modules/@smithy/signature-v4": {
      "version": "2.3.0",
      "resolved": "https://registry.npmjs.org/@smithy/signature-v4/-/signature-v4-2.3.0.tgz",
      "integrity": "sha512-ui/NlpILU+6HAQBfJX8BBsDXuKSNrjTSuOYArRblcrErwKFutjrCNb/OExfVRyj9+26F9J+ZmfWT+fKWuDrH3Q==",
      "dependencies": {
        "@smithy/is-array-buffer": "^2.2.0",
        "@smithy/types": "^2.12.0",
        "@smithy/util-hex-encoding": "^2.2.0",
        "@smithy/util-middleware": "^2.2.0",
        "@smithy/util-uri-escape": "^2.2.0",
        "@smithy/util-utf8": "^2.3.0",
        "tslib": "^2.6.2"
      },
      "engines": {
        "node": ">=14.0.0"
      }
    },
    "node_modules/@smithy/smithy-client": {
      "version": "2.5.1",
      "resolved": "https://registry.npmjs.org/@smithy/smithy-client/-/smithy-client-2.5.1.tgz",
      "integrity": "sha512-jrbSQrYCho0yDaaf92qWgd+7nAeap5LtHTI51KXqmpIFCceKU3K9+vIVTUH72bOJngBMqa4kyu1VJhRcSrk/CQ==",
      "dependencies": {
        "@smithy/middleware-endpoint": "^2.5.1",
        "@smithy/middleware-stack": "^2.2.0",
        "@smithy/protocol-http": "^3.3.0",
        "@smithy/types": "^2.12.0",
        "@smithy/util-stream": "^2.2.0",
        "tslib": "^2.6.2"
      },
      "engines": {
        "node": ">=14.0.0"
      }
    },
    "node_modules/@smithy/types": {
      "version": "2.12.0",
      "resolved": "https://registry.npmjs.org/@smithy/types/-/types-2.12.0.tgz",
      "integrity": "sha512-QwYgloJ0sVNBeBuBs65cIkTbfzV/Q6ZNPCJ99EICFEdJYG50nGIY/uYXp+TbsdJReIuPr0a0kXmCvren3MbRRw==",
      "dependencies": {
        "tslib": "^2.6.2"
      },
      "engines": {
        "node": ">=14.0.0"
      }
    },
    "node_modules/@smithy/url-parser": {
      "version": "2.2.0",
      "resolved": "https://registry.npmjs.org/@smithy/url-parser/-/url-parser-2.2.0.tgz",
      "integrity": "sha512-hoA4zm61q1mNTpksiSWp2nEl1dt3j726HdRhiNgVJQMj7mLp7dprtF57mOB6JvEk/x9d2bsuL5hlqZbBuHQylQ==",
      "dependencies": {
        "@smithy/querystring-parser": "^2.2.0",
        "@smithy/types": "^2.12.0",
        "tslib": "^2.6.2"
      }
    },
    "node_modules/@smithy/util-base64": {
      "version": "2.3.0",
      "resolved": "https://registry.npmjs.org/@smithy/util-base64/-/util-base64-2.3.0.tgz",
      "integrity": "sha512-s3+eVwNeJuXUwuMbusncZNViuhv2LjVJ1nMwTqSA0XAC7gjKhqqxRdJPhR8+YrkoZ9IiIbFk/yK6ACe/xlF+hw==",
      "dependencies": {
        "@smithy/util-buffer-from": "^2.2.0",
        "@smithy/util-utf8": "^2.3.0",
        "tslib": "^2.6.2"
      },
      "engines": {
        "node": ">=14.0.0"
      }
    },
    "node_modules/@smithy/util-body-length-browser": {
      "version": "2.2.0",
      "resolved": "https://registry.npmjs.org/@smithy/util-body-length-browser/-/util-body-length-browser-2.2.0.tgz",
      "integrity": "sha512-dtpw9uQP7W+n3vOtx0CfBD5EWd7EPdIdsQnWTDoFf77e3VUf05uA7R7TGipIo8e4WL2kuPdnsr3hMQn9ziYj5w==",
      "dependencies": {
        "tslib": "^2.6.2"
      }
    },
    "node_modules/@smithy/util-body-length-node": {
      "version": "2.3.0",
      "resolved": "https://registry.npmjs.org/@smithy/util-body-length-node/-/util-body-length-node-2.3.0.tgz",
      "integrity": "sha512-ITWT1Wqjubf2CJthb0BuT9+bpzBfXeMokH/AAa5EJQgbv9aPMVfnM76iFIZVFf50hYXGbtiV71BHAthNWd6+dw==",
      "dependencies": {
        "tslib": "^2.6.2"
      },
      "engines": {
        "node": ">=14.0.0"
      }
    },
    "node_modules/@smithy/util-buffer-from": {
      "version": "2.2.0",
      "resolved": "https://registry.npmjs.org/@smithy/util-buffer-from/-/util-buffer-from-2.2.0.tgz",
      "integrity": "sha512-IJdWBbTcMQ6DA0gdNhh/BwrLkDR+ADW5Kr1aZmd4k3DIF6ezMV4R2NIAmT08wQJ3yUK82thHWmC/TnK/wpMMIA==",
      "dependencies": {
        "@smithy/is-array-buffer": "^2.2.0",
        "tslib": "^2.6.2"
      },
      "engines": {
        "node": ">=14.0.0"
      }
    },
    "node_modules/@smithy/util-config-provider": {
      "version": "2.3.0",
      "resolved": "https://registry.npmjs.org/@smithy/util-config-provider/-/util-config-provider-2.3.0.tgz",
      "integrity": "sha512-HZkzrRcuFN1k70RLqlNK4FnPXKOpkik1+4JaBoHNJn+RnJGYqaa3c5/+XtLOXhlKzlRgNvyaLieHTW2VwGN0VQ==",
      "dependencies": {
        "tslib": "^2.6.2"
      },
      "engines": {
        "node": ">=14.0.0"
      }
    },
    "node_modules/@smithy/util-defaults-mode-browser": {
      "version": "2.2.1",
      "resolved": "https://registry.npmjs.org/@smithy/util-defaults-mode-browser/-/util-defaults-mode-browser-2.2.1.tgz",
      "integrity": "sha512-RtKW+8j8skk17SYowucwRUjeh4mCtnm5odCL0Lm2NtHQBsYKrNW0od9Rhopu9wF1gHMfHeWF7i90NwBz/U22Kw==",
      "dependencies": {
        "@smithy/property-provider": "^2.2.0",
        "@smithy/smithy-client": "^2.5.1",
        "@smithy/types": "^2.12.0",
        "bowser": "^2.11.0",
        "tslib": "^2.6.2"
      },
      "engines": {
        "node": ">= 10.0.0"
      }
    },
    "node_modules/@smithy/util-defaults-mode-node": {
      "version": "2.3.1",
      "resolved": "https://registry.npmjs.org/@smithy/util-defaults-mode-node/-/util-defaults-mode-node-2.3.1.tgz",
      "integrity": "sha512-vkMXHQ0BcLFysBMWgSBLSk3+leMpFSyyFj8zQtv5ZyUBx8/owVh1/pPEkzmW/DR/Gy/5c8vjLDD9gZjXNKbrpA==",
      "dependencies": {
        "@smithy/config-resolver": "^2.2.0",
        "@smithy/credential-provider-imds": "^2.3.0",
        "@smithy/node-config-provider": "^2.3.0",
        "@smithy/property-provider": "^2.2.0",
        "@smithy/smithy-client": "^2.5.1",
        "@smithy/types": "^2.12.0",
        "tslib": "^2.6.2"
      },
      "engines": {
        "node": ">= 10.0.0"
      }
    },
    "node_modules/@smithy/util-endpoints": {
      "version": "1.2.0",
      "resolved": "https://registry.npmjs.org/@smithy/util-endpoints/-/util-endpoints-1.2.0.tgz",
      "integrity": "sha512-BuDHv8zRjsE5zXd3PxFXFknzBG3owCpjq8G3FcsXW3CykYXuEqM3nTSsmLzw5q+T12ZYuDlVUZKBdpNbhVtlrQ==",
      "dependencies": {
        "@smithy/node-config-provider": "^2.3.0",
        "@smithy/types": "^2.12.0",
        "tslib": "^2.6.2"
      },
      "engines": {
        "node": ">= 14.0.0"
      }
    },
    "node_modules/@smithy/util-hex-encoding": {
      "version": "2.2.0",
      "resolved": "https://registry.npmjs.org/@smithy/util-hex-encoding/-/util-hex-encoding-2.2.0.tgz",
      "integrity": "sha512-7iKXR+/4TpLK194pVjKiasIyqMtTYJsgKgM242Y9uzt5dhHnUDvMNb+3xIhRJ9QhvqGii/5cRUt4fJn3dtXNHQ==",
      "dependencies": {
        "tslib": "^2.6.2"
      },
      "engines": {
        "node": ">=14.0.0"
      }
    },
    "node_modules/@smithy/util-middleware": {
      "version": "2.2.0",
      "resolved": "https://registry.npmjs.org/@smithy/util-middleware/-/util-middleware-2.2.0.tgz",
      "integrity": "sha512-L1qpleXf9QD6LwLCJ5jddGkgWyuSvWBkJwWAZ6kFkdifdso+sk3L3O1HdmPvCdnCK3IS4qWyPxev01QMnfHSBw==",
      "dependencies": {
        "@smithy/types": "^2.12.0",
        "tslib": "^2.6.2"
      },
      "engines": {
        "node": ">=14.0.0"
      }
    },
    "node_modules/@smithy/util-retry": {
      "version": "2.2.0",
      "resolved": "https://registry.npmjs.org/@smithy/util-retry/-/util-retry-2.2.0.tgz",
      "integrity": "sha512-q9+pAFPTfftHXRytmZ7GzLFFrEGavqapFc06XxzZFcSIGERXMerXxCitjOG1prVDR9QdjqotF40SWvbqcCpf8g==",
      "dependencies": {
        "@smithy/service-error-classification": "^2.1.5",
        "@smithy/types": "^2.12.0",
        "tslib": "^2.6.2"
      },
      "engines": {
        "node": ">= 14.0.0"
      }
    },
    "node_modules/@smithy/util-stream": {
      "version": "2.2.0",
      "resolved": "https://registry.npmjs.org/@smithy/util-stream/-/util-stream-2.2.0.tgz",
      "integrity": "sha512-17faEXbYWIRst1aU9SvPZyMdWmqIrduZjVOqCPMIsWFNxs5yQQgFrJL6b2SdiCzyW9mJoDjFtgi53xx7EH+BXA==",
      "dependencies": {
        "@smithy/fetch-http-handler": "^2.5.0",
        "@smithy/node-http-handler": "^2.5.0",
        "@smithy/types": "^2.12.0",
        "@smithy/util-base64": "^2.3.0",
        "@smithy/util-buffer-from": "^2.2.0",
        "@smithy/util-hex-encoding": "^2.2.0",
        "@smithy/util-utf8": "^2.3.0",
        "tslib": "^2.6.2"
      },
      "engines": {
        "node": ">=14.0.0"
      }
    },
    "node_modules/@smithy/util-uri-escape": {
      "version": "2.2.0",
      "resolved": "https://registry.npmjs.org/@smithy/util-uri-escape/-/util-uri-escape-2.2.0.tgz",
      "integrity": "sha512-jtmJMyt1xMD/d8OtbVJ2gFZOSKc+ueYJZPW20ULW1GOp/q/YIM0wNh+u8ZFao9UaIGz4WoPW8hC64qlWLIfoDA==",
      "dependencies": {
        "tslib": "^2.6.2"
      },
      "engines": {
        "node": ">=14.0.0"
      }
    },
    "node_modules/@smithy/util-utf8": {
      "version": "2.3.0",
      "resolved": "https://registry.npmjs.org/@smithy/util-utf8/-/util-utf8-2.3.0.tgz",
      "integrity": "sha512-R8Rdn8Hy72KKcebgLiv8jQcQkXoLMOGGv5uI1/k0l+snqkOzQ1R0ChUBCxWMlBsFMekWjq0wRudIweFs7sKT5A==",
      "dependencies": {
        "@smithy/util-buffer-from": "^2.2.0",
        "tslib": "^2.6.2"
      },
      "engines": {
        "node": ">=14.0.0"
      }
    },
    "node_modules/@smithy/util-waiter": {
      "version": "2.2.0",
      "resolved": "https://registry.npmjs.org/@smithy/util-waiter/-/util-waiter-2.2.0.tgz",
      "integrity": "sha512-IHk53BVw6MPMi2Gsn+hCng8rFA3ZmR3Rk7GllxDUW9qFJl/hiSvskn7XldkECapQVkIg/1dHpMAxI9xSTaLLSA==",
      "dependencies": {
        "@smithy/abort-controller": "^2.2.0",
        "@smithy/types": "^2.12.0",
        "tslib": "^2.6.2"
      },
      "engines": {
        "node": ">=14.0.0"
      }
    },
    "node_modules/bowser": {
      "version": "2.11.0",
      "resolved": "https://registry.npmjs.org/bowser/-/bowser-2.11.0.tgz",
      "integrity": "sha512-AlcaJBi/pqqJBIQ8U9Mcpc9i8Aqxn88Skv5d+xBX006BY5u8N3mGLHa5Lgppa7L/HfwgwLgZ6NYs+Ag6uUmJRA=="
    },
    "node_modules/fast-xml-parser": {
      "version": "4.2.5",
      "resolved": "https://registry.npmjs.org/fast-xml-parser/-/fast-xml-parser-4.2.5.tgz",
      "integrity": "sha512-B9/wizE4WngqQftFPmdaMYlXoJlJOYxGQOanC77fq9k8+Z0v5dDSVh+3glErdIROP//s/jgb7ZuxKfB8nVyo0g==",
      "funding": [
        {
          "type": "paypal",
          "url": "https://paypal.me/naturalintelligence"
        },
        {
          "type": "github",
          "url": "https://github.com/sponsors/NaturalIntelligence"
        }
      ],
      "dependencies": {
        "strnum": "^1.0.5"
      },
      "bin": {
        "fxparser": "src/cli/cli.js"
      }
    },
    "node_modules/strnum": {
      "version": "1.0.5",
      "resolved": "https://registry.npmjs.org/strnum/-/strnum-1.0.5.tgz",
      "integrity": "sha512-J8bbNyKKXl5qYcR36TIO8W3mVGVHrmmxsd5PAItGkmyzwJvybiw2IVq5nqd0i4LSNSkB/sx9VHllbfFdr9k1JA=="
    },
    "node_modules/tslib": {
      "version": "2.6.2",
      "resolved": "https://registry.npmjs.org/tslib/-/tslib-2.6.2.tgz",
      "integrity": "sha512-AEYxH93jGFPn/a2iVAwW87VuUIkR1FVUKB77NwMF7nBTDkDrrT/Hpt/IrCJ0QXhW27jTBDcf5ZY7w6RiqTMw2Q=="
    },
    "node_modules/tunnel": {
      "version": "0.0.6",
      "resolved": "https://registry.npmjs.org/tunnel/-/tunnel-0.0.6.tgz",
      "integrity": "sha512-1h/Lnq9yajKY2PEbBadPXj3VxsDDu844OnaAo52UVmIzIvwwtBPIuNvkjuzBlTWpfJyUbG3ez0KSBibQkj4ojg==",
      "engines": {
        "node": ">=0.6.11 <=0.7.0 || >=0.7.3"
      }
    },
    "node_modules/undici": {
      "version": "5.28.4",
      "resolved": "https://registry.npmjs.org/undici/-/undici-5.28.4.tgz",
      "integrity": "sha512-72RFADWFqKmUb2hmmvNODKL3p9hcB6Gt2DOQMis1SEBaV6a4MH8soBvzg+95CYhCKPFedut2JY9bMfrDl9D23g==",
      "dependencies": {
        "@fastify/busboy": "^2.0.0"
      },
      "engines": {
        "node": ">=14.0"
      }
    },
    "node_modules/uuid": {
      "version": "8.3.2",
      "resolved": "https://registry.npmjs.org/uuid/-/uuid-8.3.2.tgz",
      "integrity": "sha512-+NYs2QeMWy+GWFOEm9xnn6HCDp0l7QBD7ml8zLUmJ+93Q5NF0NocErnwkTkXVFNiX3/fpC6afS8Dhb/gz7R7eg==",
      "bin": {
        "uuid": "dist/bin/uuid"
      }
    }
  }
}
